// !$*UTF8*$!
{
	archiveVersion = 1;
	classes = {
	};
	objectVersion = 46;
	objects = {

/* Begin PBXBuildFile section */
		B61EF6A318956569009838CE /* Foundation.framework in Frameworks */ = {isa = PBXBuildFile; fileRef = B61EF6A218956569009838CE /* Foundation.framework */; };
		B61EF6A518956569009838CE /* CoreGraphics.framework in Frameworks */ = {isa = PBXBuildFile; fileRef = B61EF6A418956569009838CE /* CoreGraphics.framework */; };
		B61EF6A718956569009838CE /* UIKit.framework in Frameworks */ = {isa = PBXBuildFile; fileRef = B61EF6A618956569009838CE /* UIKit.framework */; };
		B61EF6AD18956569009838CE /* InfoPlist.strings in Resources */ = {isa = PBXBuildFile; fileRef = B61EF6AB18956569009838CE /* InfoPlist.strings */; };
		B61EF6AF18956569009838CE /* main.m in Sources */ = {isa = PBXBuildFile; fileRef = B61EF6AE18956569009838CE /* main.m */; };
		B61EF6B318956569009838CE /* AppDelegate.m in Sources */ = {isa = PBXBuildFile; fileRef = B61EF6B218956569009838CE /* AppDelegate.m */; };
		B61EF6B618956569009838CE /* Main_iPhone.storyboard in Resources */ = {isa = PBXBuildFile; fileRef = B61EF6B418956569009838CE /* Main_iPhone.storyboard */; };
		B61EF6B918956569009838CE /* Main_iPad.storyboard in Resources */ = {isa = PBXBuildFile; fileRef = B61EF6B718956569009838CE /* Main_iPad.storyboard */; };
		B61EF6BC18956569009838CE /* ViewController.m in Sources */ = {isa = PBXBuildFile; fileRef = B61EF6BB18956569009838CE /* ViewController.m */; };
		B61EF6BE18956569009838CE /* Images.xcassets in Resources */ = {isa = PBXBuildFile; fileRef = B61EF6BD18956569009838CE /* Images.xcassets */; };
		B61EF6DB18956637009838CE /* MapKit.framework in Frameworks */ = {isa = PBXBuildFile; fileRef = B61EF6DA18956637009838CE /* MapKit.framework */; };
		B61EF76A189D91F1009838CE /* TileSelectionViewController.m in Sources */ = {isa = PBXBuildFile; fileRef = B61EF769189D91F1009838CE /* TileSelectionViewController.m */; };
/* End PBXBuildFile section */

/* Begin PBXFileReference section */
		B61EF69F18956569009838CE /* OSMiOSMapKit.app */ = {isa = PBXFileReference; explicitFileType = wrapper.application; includeInIndex = 0; path = OSMiOSMapKit.app; sourceTree = BUILT_PRODUCTS_DIR; };
		B61EF6A218956569009838CE /* Foundation.framework */ = {isa = PBXFileReference; lastKnownFileType = wrapper.framework; name = Foundation.framework; path = System/Library/Frameworks/Foundation.framework; sourceTree = SDKROOT; };
		B61EF6A418956569009838CE /* CoreGraphics.framework */ = {isa = PBXFileReference; lastKnownFileType = wrapper.framework; name = CoreGraphics.framework; path = System/Library/Frameworks/CoreGraphics.framework; sourceTree = SDKROOT; };
		B61EF6A618956569009838CE /* UIKit.framework */ = {isa = PBXFileReference; lastKnownFileType = wrapper.framework; name = UIKit.framework; path = System/Library/Frameworks/UIKit.framework; sourceTree = SDKROOT; };
		B61EF6AA18956569009838CE /* OSMiOSMapKit-Info.plist */ = {isa = PBXFileReference; lastKnownFileType = text.plist.xml; path = "OSMiOSMapKit-Info.plist"; sourceTree = "<group>"; };
		B61EF6AC18956569009838CE /* en */ = {isa = PBXFileReference; lastKnownFileType = text.plist.strings; name = en; path = en.lproj/InfoPlist.strings; sourceTree = "<group>"; };
		B61EF6AE18956569009838CE /* main.m */ = {isa = PBXFileReference; lastKnownFileType = sourcecode.c.objc; path = main.m; sourceTree = "<group>"; };
		B61EF6B018956569009838CE /* OSMiOSMapKit-Prefix.pch */ = {isa = PBXFileReference; lastKnownFileType = sourcecode.c.h; path = "OSMiOSMapKit-Prefix.pch"; sourceTree = "<group>"; };
		B61EF6B118956569009838CE /* AppDelegate.h */ = {isa = PBXFileReference; lastKnownFileType = sourcecode.c.h; path = AppDelegate.h; sourceTree = "<group>"; };
		B61EF6B218956569009838CE /* AppDelegate.m */ = {isa = PBXFileReference; lastKnownFileType = sourcecode.c.objc; path = AppDelegate.m; sourceTree = "<group>"; };
		B61EF6B518956569009838CE /* Base */ = {isa = PBXFileReference; lastKnownFileType = file.storyboard; name = Base; path = Base.lproj/Main_iPhone.storyboard; sourceTree = "<group>"; };
		B61EF6B818956569009838CE /* Base */ = {isa = PBXFileReference; lastKnownFileType = file.storyboard; name = Base; path = Base.lproj/Main_iPad.storyboard; sourceTree = "<group>"; };
		B61EF6BA18956569009838CE /* ViewController.h */ = {isa = PBXFileReference; lastKnownFileType = sourcecode.c.h; path = ViewController.h; sourceTree = "<group>"; };
		B61EF6BB18956569009838CE /* ViewController.m */ = {isa = PBXFileReference; lastKnownFileType = sourcecode.c.objc; path = ViewController.m; sourceTree = "<group>"; };
		B61EF6BD18956569009838CE /* Images.xcassets */ = {isa = PBXFileReference; lastKnownFileType = folder.assetcatalog; path = Images.xcassets; sourceTree = "<group>"; };
		B61EF6C418956569009838CE /* XCTest.framework */ = {isa = PBXFileReference; lastKnownFileType = wrapper.framework; name = XCTest.framework; path = Library/Frameworks/XCTest.framework; sourceTree = DEVELOPER_DIR; };
		B61EF6DA18956637009838CE /* MapKit.framework */ = {isa = PBXFileReference; lastKnownFileType = wrapper.framework; name = MapKit.framework; path = System/Library/Frameworks/MapKit.framework; sourceTree = SDKROOT; };
		B61EF768189D91F1009838CE /* TileSelectionViewController.h */ = {isa = PBXFileReference; fileEncoding = 4; lastKnownFileType = sourcecode.c.h; path = TileSelectionViewController.h; sourceTree = "<group>"; };
		B61EF769189D91F1009838CE /* TileSelectionViewController.m */ = {isa = PBXFileReference; fileEncoding = 4; lastKnownFileType = sourcecode.c.objc; path = TileSelectionViewController.m; sourceTree = "<group>"; };
/* End PBXFileReference section */

/* Begin PBXFrameworksBuildPhase section */
		B61EF69C18956569009838CE /* Frameworks */ = {
			isa = PBXFrameworksBuildPhase;
			buildActionMask = 2147483647;
			files = (
				B61EF6DB18956637009838CE /* MapKit.framework in Frameworks */,
				B61EF6A518956569009838CE /* CoreGraphics.framework in Frameworks */,
				B61EF6A718956569009838CE /* UIKit.framework in Frameworks */,
				B61EF6A318956569009838CE /* Foundation.framework in Frameworks */,
			);
			runOnlyForDeploymentPostprocessing = 0;
		};
/* End PBXFrameworksBuildPhase section */

/* Begin PBXGroup section */
		B61EF69618956569009838CE = {
			isa = PBXGroup;
			children = (
				B61EF6A818956569009838CE /* OSMiOSMapKit */,
				B61EF6A118956569009838CE /* Frameworks */,
				B61EF6A018956569009838CE /* Products */,
			);
			sourceTree = "<group>";
		};
		B61EF6A018956569009838CE /* Products */ = {
			isa = PBXGroup;
			children = (
				B61EF69F18956569009838CE /* OSMiOSMapKit.app */,
			);
			name = Products;
			sourceTree = "<group>";
		};
		B61EF6A118956569009838CE /* Frameworks */ = {
			isa = PBXGroup;
			children = (
				B61EF6DA18956637009838CE /* MapKit.framework */,
				B61EF6A218956569009838CE /* Foundation.framework */,
				B61EF6A418956569009838CE /* CoreGraphics.framework */,
				B61EF6A618956569009838CE /* UIKit.framework */,
				B61EF6C418956569009838CE /* XCTest.framework */,
			);
			name = Frameworks;
			sourceTree = "<group>";
		};
		B61EF6A818956569009838CE /* OSMiOSMapKit */ = {
			isa = PBXGroup;
			children = (
				B61EF6B118956569009838CE /* AppDelegate.h */,
				B61EF6B218956569009838CE /* AppDelegate.m */,
				B61EF6B418956569009838CE /* Main_iPhone.storyboard */,
				B61EF6B718956569009838CE /* Main_iPad.storyboard */,
				B61EF6BA18956569009838CE /* ViewController.h */,
				B61EF6BB18956569009838CE /* ViewController.m */,
				B61EF768189D91F1009838CE /* TileSelectionViewController.h */,
				B61EF769189D91F1009838CE /* TileSelectionViewController.m */,
				B61EF6BD18956569009838CE /* Images.xcassets */,
				B61EF6A918956569009838CE /* Supporting Files */,
			);
			path = OSMiOSMapKit;
			sourceTree = "<group>";
		};
		B61EF6A918956569009838CE /* Supporting Files */ = {
			isa = PBXGroup;
			children = (
				B61EF6AA18956569009838CE /* OSMiOSMapKit-Info.plist */,
				B61EF6AB18956569009838CE /* InfoPlist.strings */,
				B61EF6AE18956569009838CE /* main.m */,
				B61EF6B018956569009838CE /* OSMiOSMapKit-Prefix.pch */,
			);
			name = "Supporting Files";
			sourceTree = "<group>";
		};
/* End PBXGroup section */

/* Begin PBXNativeTarget section */
		B61EF69E18956569009838CE /* OSMiOSMapKit */ = {
			isa = PBXNativeTarget;
			buildConfigurationList = B61EF6D418956569009838CE /* Build configuration list for PBXNativeTarget "OSMiOSMapKit" */;
			buildPhases = (
				B61EF69B18956569009838CE /* Sources */,
				B61EF69C18956569009838CE /* Frameworks */,
				B61EF69D18956569009838CE /* Resources */,
			);
			buildRules = (
			);
			dependencies = (
			);
			name = OSMiOSMapKit;
			productName = OSMiOSMapKit;
			productReference = B61EF69F18956569009838CE /* OSMiOSMapKit.app */;
			productType = "com.apple.product-type.application";
		};
/* End PBXNativeTarget section */

/* Begin PBXProject section */
		B61EF69718956569009838CE /* Project object */ = {
			isa = PBXProject;
			attributes = {
				LastUpgradeCheck = 0500;
				ORGANIZATIONNAME = "Carson McDonald";
			};
			buildConfigurationList = B61EF69A18956569009838CE /* Build configuration list for PBXProject "OSMiOSMapKit" */;
			compatibilityVersion = "Xcode 3.2";
			developmentRegion = English;
			hasScannedForEncodings = 0;
			knownRegions = (
				en,
				Base,
			);
			mainGroup = B61EF69618956569009838CE;
			productRefGroup = B61EF6A018956569009838CE /* Products */;
			projectDirPath = "";
			projectRoot = "";
			targets = (
				B61EF69E18956569009838CE /* OSMiOSMapKit */,
			);
		};
/* End PBXProject section */

/* Begin PBXResourcesBuildPhase section */
		B61EF69D18956569009838CE /* Resources */ = {
			isa = PBXResourcesBuildPhase;
			buildActionMask = 2147483647;
			files = (
				B61EF6B918956569009838CE /* Main_iPad.storyboard in Resources */,
				B61EF6BE18956569009838CE /* Images.xcassets in Resources */,
				B61EF6B618956569009838CE /* Main_iPhone.storyboard in Resources */,
				B61EF6AD18956569009838CE /* InfoPlist.strings in Resources */,
			);
			runOnlyForDeploymentPostprocessing = 0;
		};
/* End PBXResourcesBuildPhase section */

/* Begin PBXSourcesBuildPhase section */
		B61EF69B18956569009838CE /* Sources */ = {
			isa = PBXSourcesBuildPhase;
			buildActionMask = 2147483647;
			files = (
				B61EF6BC18956569009838CE /* ViewController.m in Sources */,
				B61EF6B318956569009838CE /* AppDelegate.m in Sources */,
				B61EF6AF18956569009838CE /* main.m in Sources */,
				B61EF76A189D91F1009838CE /* TileSelectionViewController.m in Sources */,
			);
			runOnlyForDeploymentPostprocessing = 0;
		};
/* End PBXSourcesBuildPhase section */

/* Begin PBXVariantGroup section */
		B61EF6AB18956569009838CE /* InfoPlist.strings */ = {
			isa = PBXVariantGroup;
			children = (
				B61EF6AC18956569009838CE /* en */,
			);
			name = InfoPlist.strings;
			sourceTree = "<group>";
		};
		B61EF6B418956569009838CE /* Main_iPhone.storyboard */ = {
			isa = PBXVariantGroup;
			children = (
				B61EF6B518956569009838CE /* Base */,
			);
			name = Main_iPhone.storyboard;
			sourceTree = "<group>";
		};
		B61EF6B718956569009838CE /* Main_iPad.storyboard */ = {
			isa = PBXVariantGroup;
			children = (
				B61EF6B818956569009838CE /* Base */,
			);
			name = Main_iPad.storyboard;
			sourceTree = "<group>";
		};
/* End PBXVariantGroup section */

/* Begin XCBuildConfiguration section */
		B61EF6D218956569009838CE /* Debug */ = {
			isa = XCBuildConfiguration;
			buildSettings = {
				ALWAYS_SEARCH_USER_PATHS = NO;
				ARCHS = "$(ARCHS_STANDARD_INCLUDING_64_BIT)";
				CLANG_CXX_LANGUAGE_STANDARD = "gnu++0x";
				CLANG_CXX_LIBRARY = "libc++";
				CLANG_ENABLE_MODULES = YES;
				CLANG_ENABLE_OBJC_ARC = YES;
				CLANG_WARN_BOOL_CONVERSION = YES;
				CLANG_WARN_CONSTANT_CONVERSION = YES;
				CLANG_WARN_DIRECT_OBJC_ISA_USAGE = YES_ERROR;
				CLANG_WARN_EMPTY_BODY = YES;
				CLANG_WARN_ENUM_CONVERSION = YES;
				CLANG_WARN_INT_CONVERSION = YES;
				CLANG_WARN_OBJC_ROOT_CLASS = YES_ERROR;
				CLANG_WARN__DUPLICATE_METHOD_MATCH = YES;
				"CODE_SIGN_IDENTITY[sdk=iphoneos*]" = "iPhone Developer";
				COPY_PHASE_STRIP = NO;
				GCC_C_LANGUAGE_STANDARD = gnu99;
				GCC_DYNAMIC_NO_PIC = NO;
				GCC_OPTIMIZATION_LEVEL = 0;
				GCC_PREPROCESSOR_DEFINITIONS = (
					"DEBUG=1",
					"$(inherited)",
				);
				GCC_SYMBOLS_PRIVATE_EXTERN = NO;
				GCC_WARN_64_TO_32_BIT_CONVERSION = YES;
				GCC_WARN_ABOUT_RETURN_TYPE = YES_ERROR;
				GCC_WARN_UNDECLARED_SELECTOR = YES;
				GCC_WARN_UNINITIALIZED_AUTOS = YES;
				GCC_WARN_UNUSED_FUNCTION = YES;
				GCC_WARN_UNUSED_VARIABLE = YES;
				IPHONEOS_DEPLOYMENT_TARGET = 7.0;
				ONLY_ACTIVE_ARCH = YES;
				SDKROOT = iphoneos;
				TARGETED_DEVICE_FAMILY = "1,2";
			};
			name = Debug;
		};
		B61EF6D318956569009838CE /* Release */ = {
			isa = XCBuildConfiguration;
			buildSettings = {
				ALWAYS_SEARCH_USER_PATHS = NO;
				ARCHS = "$(ARCHS_STANDARD_INCLUDING_64_BIT)";
				CLANG_CXX_LANGUAGE_STANDARD = "gnu++0x";
				CLANG_CXX_LIBRARY = "libc++";
				CLANG_ENABLE_MODULES = YES;
				CLANG_ENABLE_OBJC_ARC = YES;
				CLANG_WARN_BOOL_CONVERSION = YES;
				CLANG_WARN_CONSTANT_CONVERSION = YES;
				CLANG_WARN_DIRECT_OBJC_ISA_USAGE = YES_ERROR;
				CLANG_WARN_EMPTY_BODY = YES;
				CLANG_WARN_ENUM_CONVERSION = YES;
				CLANG_WARN_INT_CONVERSION = YES;
				CLANG_WARN_OBJC_ROOT_CLASS = YES_ERROR;
				CLANG_WARN__DUPLICATE_METHOD_MATCH = YES;
				"CODE_SIGN_IDENTITY[sdk=iphoneos*]" = "iPhone Developer";
				COPY_PHASE_STRIP = YES;
				ENABLE_NS_ASSERTIONS = NO;
				GCC_C_LANGUAGE_STANDARD = gnu99;
				GCC_WARN_64_TO_32_BIT_CONVERSION = YES;
				GCC_WARN_ABOUT_RETURN_TYPE = YES_ERROR;
				GCC_WARN_UNDECLARED_SELECTOR = YES;
				GCC_WARN_UNINITIALIZED_AUTOS = YES;
				GCC_WARN_UNUSED_FUNCTION = YES;
				GCC_WARN_UNUSED_VARIABLE = YES;
				IPHONEOS_DEPLOYMENT_TARGET = 7.0;
				SDKROOT = iphoneos;
				TARGETED_DEVICE_FAMILY = "1,2";
				VALIDATE_PRODUCT = YES;
			};
			name = Release;
		};
		B61EF6D518956569009838CE /* Debug */ = {
			isa = XCBuildConfiguration;
			buildSettings = {
				ASSETCATALOG_COMPILER_APPICON_NAME = AppIcon;
				ASSETCATALOG_COMPILER_LAUNCHIMAGE_NAME = LaunchImage;
				GCC_PRECOMPILE_PREFIX_HEADER = YES;
				GCC_PREFIX_HEADER = "OSMiOSMapKit/OSMiOSMapKit-Prefix.pch";
				INFOPLIST_FILE = "OSMiOSMapKit/OSMiOSMapKit-Info.plist";
				PRODUCT_NAME = "$(TARGET_NAME)";
				WRAPPER_EXTENSION = app;
			};
			name = Debug;
		};
		B61EF6D618956569009838CE /* Release */ = {
			isa = XCBuildConfiguration;
			buildSettings = {
				ASSETCATALOG_COMPILER_APPICON_NAME = AppIcon;
				ASSETCATALOG_COMPILER_LAUNCHIMAGE_NAME = LaunchImage;
				GCC_PRECOMPILE_PREFIX_HEADER = YES;
				GCC_PREFIX_HEADER = "OSMiOSMapKit/OSMiOSMapKit-Prefix.pch";
				INFOPLIST_FILE = "OSMiOSMapKit/OSMiOSMapKit-Info.plist";
				PRODUCT_NAME = "$(TARGET_NAME)";
				WRAPPER_EXTENSION = app;
			};
			name = Release;
		};
/* End XCBuildConfiguration section */

/* Begin XCConfigurationList section */
		B61EF69A18956569009838CE /* Build configuration list for PBXProject "OSMiOSMapKit" */ = {
			isa = XCConfigurationList;
			buildConfigurations = (
				B61EF6D218956569009838CE /* Debug */,
				B61EF6D318956569009838CE /* Release */,
			);
			defaultConfigurationIsVisible = 0;
			defaultConfigurationName = Release;
		};
		B61EF6D418956569009838CE /* Build configuration list for PBXNativeTarget "OSMiOSMapKit" */ = {
			isa = XCConfigurationList;
			buildConfigurations = (
				B61EF6D518956569009838CE /* Debug */,
				B61EF6D618956569009838CE /* Release */,
			);
			defaultConfigurationIsVisible = 0;
		};
/* End XCConfigurationList section */
	};
	rootObject = B61EF69718956569009838CE /* Project object */;
}
